// !$*UTF8*$!
{
	archiveVersion = 1;
	classes = {
	};
	objectVersion = 50;
	objects = {

/* Begin PBXAggregateTarget section */
		361047C1258A20E4003C594F /* LGScript */ = {
			isa = PBXAggregateTarget;
			buildConfigurationList = 361047C2258A20E4003C594F /* Build configuration list for PBXAggregateTarget "LGScript" */;
			buildPhases = (
				361047C5258A20E8003C594F /* ShellScript */,
			);
			dependencies = (
			);
			name = LGScript;
			productName = LGScript;
		};
		3684CCAD258F23600078FBBA /* LGIRScript */ = {
			isa = PBXAggregateTarget;
			buildConfigurationList = 3684CCB0258F23600078FBBA /* Build configuration list for PBXAggregateTarget "LGIRScript" */;
			buildPhases = (
				3684CCB1258F23650078FBBA /* ShellScript */,
			);
			dependencies = (
			);
			name = LGIRScript;
			productName = LGIRScript;
		};
/* End PBXAggregateTarget section */

/* Begin PBXBuildFile section */
		360C76FC258B3F2F00A2786D /* LGTest.m in Sources */ = {isa = PBXBuildFile; fileRef = 360C76FB258B3F2F00A2786D /* LGTest.m */; };
		361047B62589FBCB003C594F /* main.swift in Sources */ = {isa = PBXBuildFile; fileRef = 361047B52589FBCB003C594F /* main.swift */; };
		3629117F259314EA00DB844C /* access.swift in Sources */ = {isa = PBXBuildFile; fileRef = 3629117E259314EA00DB844C /* access.swift */; };
/* End PBXBuildFile section */

/* Begin PBXCopyFilesBuildPhase section */
		361047B02589FBCB003C594F /* CopyFiles */ = {
			isa = PBXCopyFilesBuildPhase;
			buildActionMask = 2147483647;
			dstPath = /usr/share/man/man1/;
			dstSubfolderSpec = 0;
			files = (
			);
			runOnlyForDeploymentPostprocessing = 1;
		};
/* End PBXCopyFilesBuildPhase section */

/* Begin PBXFileReference section */
		360C76F9258B3F2F00A2786D /* LGSwiftTest-Bridging-Header.h */ = {isa = PBXFileReference; lastKnownFileType = sourcecode.c.h; path = "LGSwiftTest-Bridging-Header.h"; sourceTree = "<group>"; };
		360C76FA258B3F2F00A2786D /* LGTest.h */ = {isa = PBXFileReference; lastKnownFileType = sourcecode.c.h; path = LGTest.h; sourceTree = "<group>"; };
		360C76FB258B3F2F00A2786D /* LGTest.m */ = {isa = PBXFileReference; lastKnownFileType = sourcecode.c.objc; path = LGTest.m; sourceTree = "<group>"; };
		361047B22589FBCB003C594F /* LGSwiftTest */ = {isa = PBXFileReference; explicitFileType = "compiled.mach-o.executable"; includeInIndex = 0; path = LGSwiftTest; sourceTree = BUILT_PRODUCTS_DIR; };
		361047B52589FBCB003C594F /* main.swift */ = {isa = PBXFileReference; lastKnownFileType = sourcecode.swift; path = main.swift; sourceTree = "<group>"; };
		3629117E259314EA00DB844C /* access.swift */ = {isa = PBXFileReference; lastKnownFileType = sourcecode.swift; path = access.swift; sourceTree = "<group>"; };
/* End PBXFileReference section */

/* Begin PBXFrameworksBuildPhase section */
		361047AF2589FBCB003C594F /* Frameworks */ = {
			isa = PBXFrameworksBuildPhase;
			buildActionMask = 2147483647;
			files = (
			);
			runOnlyForDeploymentPostprocessing = 0;
		};
/* End PBXFrameworksBuildPhase section */

/* Begin PBXGroup section */
		361047A92589FBCB003C594F = {
			isa = PBXGroup;
			children = (
				361047B42589FBCB003C594F /* LGSwiftTest */,
				361047B32589FBCB003C594F /* Products */,
			);
			sourceTree = "<group>";
		};
		361047B32589FBCB003C594F /* Products */ = {
			isa = PBXGroup;
			children = (
				361047B22589FBCB003C594F /* LGSwiftTest */,
			);
			name = Products;
			sourceTree = "<group>";
		};
		361047B42589FBCB003C594F /* LGSwiftTest */ = {
			isa = PBXGroup;
			children = (
				361047B52589FBCB003C594F /* main.swift */,
				360C76FA258B3F2F00A2786D /* LGTest.h */,
				360C76FB258B3F2F00A2786D /* LGTest.m */,
				360C76F9258B3F2F00A2786D /* LGSwiftTest-Bridging-Header.h */,
				3629117E259314EA00DB844C /* access.swift */,
			);
			path = LGSwiftTest;
			sourceTree = "<group>";
		};
/* End PBXGroup section */

/* Begin PBXNativeTarget section */
		361047B12589FBCB003C594F /* LGSwiftTest */ = {
			isa = PBXNativeTarget;
			buildConfigurationList = 361047B92589FBCB003C594F /* Build configuration list for PBXNativeTarget "LGSwiftTest" */;
			buildPhases = (
				361047AE2589FBCB003C594F /* Sources */,
				361047AF2589FBCB003C594F /* Frameworks */,
				361047B02589FBCB003C594F /* CopyFiles */,
			);
			buildRules = (
			);
			dependencies = (
			);
			name = LGSwiftTest;
			productName = LGSwiftTest;
			productReference = 361047B22589FBCB003C594F /* LGSwiftTest */;
			productType = "com.apple.product-type.tool";
		};
/* End PBXNativeTarget section */

/* Begin PBXProject section */
		361047AA2589FBCB003C594F /* Project object */ = {
			isa = PBXProject;
			attributes = {
				LastSwiftUpdateCheck = 1160;
				LastUpgradeCheck = 1160;
				TargetAttributes = {
					361047B12589FBCB003C594F = {
						CreatedOnToolsVersion = 11.6;
						LastSwiftMigration = 1160;
					};
					361047C1258A20E4003C594F = {
						CreatedOnToolsVersion = 11.6;
					};
					3684CCAD258F23600078FBBA = {
						CreatedOnToolsVersion = 11.6;
					};
				};
			};
			buildConfigurationList = 361047AD2589FBCB003C594F /* Build configuration list for PBXProject "LGSwiftTest" */;
			compatibilityVersion = "Xcode 9.3";
			developmentRegion = en;
			hasScannedForEncodings = 0;
			knownRegions = (
				en,
				Base,
			);
			mainGroup = 361047A92589FBCB003C594F;
			productRefGroup = 361047B32589FBCB003C594F /* Products */;
			projectDirPath = "";
			projectRoot = "";
			targets = (
				361047B12589FBCB003C594F /* LGSwiftTest */,
				361047C1258A20E4003C594F /* LGScript */,
				3684CCAD258F23600078FBBA /* LGIRScript */,
			);
		};
/* End PBXProject section */

/* Begin PBXShellScriptBuildPhase section */
		361047C5258A20E8003C594F /* ShellScript */ = {
			isa = PBXShellScriptBuildPhase;
			buildActionMask = 2147483647;
			files = (
			);
			inputFileListPaths = (
			);
			inputPaths = (
			);
			outputFileListPaths = (
			);
			outputPaths = (
			);
			runOnlyForDeploymentPostprocessing = 0;
			shellPath = /bin/sh;
			shellScript = "# Type a script or drag a script file from your workspace to insert its path.\n#/Users/hank/Desktop/LGSwiftTest/LGSwiftTest/\nswiftc -emit-sil ${SRCROOT}/LGSwiftTest/main.swift > ./main.sil && open main.sil\n";
		};
		3684CCB1258F23650078FBBA /* ShellScript */ = {
			isa = PBXShellScriptBuildPhase;
			buildActionMask = 2147483647;
			files = (
			);
			inputFileListPaths = (
			);
			inputPaths = (
			);
			outputFileListPaths = (
			);
			outputPaths = (
			);
			runOnlyForDeploymentPostprocessing = 0;
			shellPath = /bin/sh;
			shellScript = "# Type a script or drag a script file from your workspace to insert its path.\nswiftc -emit-ir ${SRCROOT}/LGSwiftTest/main.swift > ./main.ll && open main.ll\n";
		};
/* End PBXShellScriptBuildPhase section */

/* Begin PBXSourcesBuildPhase section */
		361047AE2589FBCB003C594F /* Sources */ = {
			isa = PBXSourcesBuildPhase;
			buildActionMask = 2147483647;
			files = (
				360C76FC258B3F2F00A2786D /* LGTest.m in Sources */,
				3629117F259314EA00DB844C /* access.swift in Sources */,
				361047B62589FBCB003C594F /* main.swift in Sources */,
			);
			runOnlyForDeploymentPostprocessing = 0;
		};
/* End PBXSourcesBuildPhase section */

/* Begin XCBuildConfiguration section */
		361047B72589FBCB003C594F /* Debug */ = {
			isa = XCBuildConfiguration;
			buildSettings = {
				ALWAYS_SEARCH_USER_PATHS = NO;
				CLANG_ANALYZER_NONNULL = YES;
				CLANG_ANALYZER_NUMBER_OBJECT_CONVERSION = YES_AGGRESSIVE;
				CLANG_CXX_LANGUAGE_STANDARD = "gnu++14";
				CLANG_CXX_LIBRARY = "libc++";
				CLANG_ENABLE_MODULES = YES;
				CLANG_ENABLE_OBJC_ARC = YES;
				CLANG_ENABLE_OBJC_WEAK = YES;
				CLANG_WARN_BLOCK_CAPTURE_AUTORELEASING = YES;
				CLANG_WARN_BOOL_CONVERSION = YES;
				CLANG_WARN_COMMA = YES;
				CLANG_WARN_CONSTANT_CONVERSION = YES;
				CLANG_WARN_DEPRECATED_OBJC_IMPLEMENTATIONS = YES;
				CLANG_WARN_DIRECT_OBJC_ISA_USAGE = YES_ERROR;
				CLANG_WARN_DOCUMENTATION_COMMENTS = YES;
				CLANG_WARN_EMPTY_BODY = YES;
				CLANG_WARN_ENUM_CONVERSION = YES;
				CLANG_WARN_INFINITE_RECURSION = YES;
				CLANG_WARN_INT_CONVERSION = YES;
				CLANG_WARN_NON_LITERAL_NULL_CONVERSION = YES;
				CLANG_WARN_OBJC_IMPLICIT_RETAIN_SELF = YES;
				CLANG_WARN_OBJC_LITERAL_CONVERSION = YES;
				CLANG_WARN_OBJC_ROOT_CLASS = YES_ERROR;
				CLANG_WARN_RANGE_LOOP_ANALYSIS = YES;
				CLANG_WARN_STRICT_PROTOTYPES = YES;
				CLANG_WARN_SUSPICIOUS_MOVE = YES;
				CLANG_WARN_UNGUARDED_AVAILABILITY = YES_AGGRESSIVE;
				CLANG_WARN_UNREACHABLE_CODE = YES;
				CLANG_WARN__DUPLICATE_METHOD_MATCH = YES;
				COPY_PHASE_STRIP = NO;
				DEBUG_INFORMATION_FORMAT = dwarf;
				ENABLE_STRICT_OBJC_MSGSEND = YES;
				ENABLE_TESTABILITY = YES;
				GCC_C_LANGUAGE_STANDARD = gnu11;
				GCC_DYNAMIC_NO_PIC = NO;
				GCC_NO_COMMON_BLOCKS = YES;
				GCC_OPTIMIZATION_LEVEL = 0;
				GCC_PREPROCESSOR_DEFINITIONS = (
					"DEBUG=1",
					"$(inherited)",
				);
				GCC_WARN_64_TO_32_BIT_CONVERSION = YES;
				GCC_WARN_ABOUT_RETURN_TYPE = YES_ERROR;
				GCC_WARN_UNDECLARED_SELECTOR = YES;
				GCC_WARN_UNINITIALIZED_AUTOS = YES_AGGRESSIVE;
				GCC_WARN_UNUSED_FUNCTION = YES;
				GCC_WARN_UNUSED_VARIABLE = YES;
				MACOSX_DEPLOYMENT_TARGET = 10.15;
				MTL_ENABLE_DEBUG_INFO = INCLUDE_SOURCE;
				MTL_FAST_MATH = YES;
				ONLY_ACTIVE_ARCH = YES;
				SDKROOT = macosx;
				SWIFT_ACTIVE_COMPILATION_CONDITIONS = DEBUG;
				SWIFT_OPTIMIZATION_LEVEL = "-Onone";
			};
			name = Debug;
		};
		361047B82589FBCB003C594F /* Release */ = {
			isa = XCBuildConfiguration;
			buildSettings = {
				ALWAYS_SEARCH_USER_PATHS = NO;
				CLANG_ANALYZER_NONNULL = YES;
				CLANG_ANALYZER_NUMBER_OBJECT_CONVERSION = YES_AGGRESSIVE;
				CLANG_CXX_LANGUAGE_STANDARD = "gnu++14";
				CLANG_CXX_LIBRARY = "libc++";
				CLANG_ENABLE_MODULES = YES;
				CLANG_ENABLE_OBJC_ARC = YES;
				CLANG_ENABLE_OBJC_WEAK = YES;
				CLANG_WARN_BLOCK_CAPTURE_AUTORELEASING = YES;
				CLANG_WARN_BOOL_CONVERSION = YES;
				CLANG_WARN_COMMA = YES;
				CLANG_WARN_CONSTANT_CONVERSION = YES;
				CLANG_WARN_DEPRECATED_OBJC_IMPLEMENTATIONS = YES;
				CLANG_WARN_DIRECT_OBJC_ISA_USAGE = YES_ERROR;
				CLANG_WARN_DOCUMENTATION_COMMENTS = YES;
				CLANG_WARN_EMPTY_BODY = YES;
				CLANG_WARN_ENUM_CONVERSION = YES;
				CLANG_WARN_INFINITE_RECURSION = YES;
				CLANG_WARN_INT_CONVERSION = YES;
				CLANG_WARN_NON_LITERAL_NULL_CONVERSION = YES;
				CLANG_WARN_OBJC_IMPLICIT_RETAIN_SELF = YES;
				CLANG_WARN_OBJC_LITERAL_CONVERSION = YES;
				CLANG_WARN_OBJC_ROOT_CLASS = YES_ERROR;
				CLANG_WARN_RANGE_LOOP_ANALYSIS = YES;
				CLANG_WARN_STRICT_PROTOTYPES = YES;
				CLANG_WARN_SUSPICIOUS_MOVE = YES;
				CLANG_WARN_UNGUARDED_AVAILABILITY = YES_AGGRESSIVE;
				CLANG_WARN_UNREACHABLE_CODE = YES;
				CLANG_WARN__DUPLICATE_METHOD_MATCH = YES;
				COPY_PHASE_STRIP = NO;
				DEBUG_INFORMATION_FORMAT = "dwarf-with-dsym";
				ENABLE_NS_ASSERTIONS = NO;
				ENABLE_STRICT_OBJC_MSGSEND = YES;
				GCC_C_LANGUAGE_STANDARD = gnu11;
				GCC_NO_COMMON_BLOCKS = YES;
				GCC_WARN_64_TO_32_BIT_CONVERSION = YES;
				GCC_WARN_ABOUT_RETURN_TYPE = YES_ERROR;
				GCC_WARN_UNDECLARED_SELECTOR = YES;
				GCC_WARN_UNINITIALIZED_AUTOS = YES_AGGRESSIVE;
				GCC_WARN_UNUSED_FUNCTION = YES;
				GCC_WARN_UNUSED_VARIABLE = YES;
				MACOSX_DEPLOYMENT_TARGET = 10.15;
				MTL_ENABLE_DEBUG_INFO = NO;
				MTL_FAST_MATH = YES;
				SDKROOT = macosx;
				SWIFT_COMPILATION_MODE = wholemodule;
				SWIFT_OPTIMIZATION_LEVEL = "-O";
			};
			name = Release;
		};
		361047BA2589FBCB003C594F /* Debug */ = {
			isa = XCBuildConfiguration;
			buildSettings = {
				CLANG_ENABLE_MODULES = YES;
				CODE_SIGN_STYLE = Automatic;
				LD_RUNPATH_SEARCH_PATHS = (
					"$(inherited)",
					"@executable_path/../Frameworks",
					"@loader_path/../Frameworks",
				);
				PRODUCT_NAME = "$(TARGET_NAME)";
				SWIFT_OBJC_BRIDGING_HEADER = "LGSwiftTest/LGSwiftTest-Bridging-Header.h";
				SWIFT_OPTIMIZATION_LEVEL = "-Onone";
				SWIFT_VERSION = 5.0;
			};
			name = Debug;
		};
		361047BB2589FBCB003C594F /* Release */ = {
			isa = XCBuildConfiguration;
			buildSettings = {
				CLANG_ENABLE_MODULES = YES;
				CODE_SIGN_STYLE = Automatic;
				LD_RUNPATH_SEARCH_PATHS = (
					"$(inherited)",
					"@executable_path/../Frameworks",
					"@loader_path/../Frameworks",
				);
				PRODUCT_NAME = "$(TARGET_NAME)";
				SWIFT_OBJC_BRIDGING_HEADER = "LGSwiftTest/LGSwiftTest-Bridging-Header.h";
				SWIFT_VERSION = 5.0;
			};
			name = Release;
		};
		361047C3258A20E4003C594F /* Debug */ = {
			isa = XCBuildConfiguration;
			buildSettings = {
				CODE_SIGN_STYLE = Automatic;
				PRODUCT_NAME = "$(TARGET_NAME)";
			};
			name = Debug;
		};
		361047C4258A20E4003C594F /* Release */ = {
			isa = XCBuildConfiguration;
			buildSettings = {
				CODE_SIGN_STYLE = Automatic;
				PRODUCT_NAME = "$(TARGET_NAME)";
			};
			name = Release;
		};
		3684CCAE258F23600078FBBA /* Debug */ = {
			isa = XCBuildConfiguration;
			buildSettings = {
				CODE_SIGN_STYLE = Automatic;
				GCC_OPTIMIZATION_LEVEL = 0;
				PRODUCT_NAME = "$(TARGET_NAME)";
			};
			name = Debug;
		};
		3684CCAF258F23600078FBBA /* Release */ = {
			isa = XCBuildConfiguration;
			buildSettings = {
				CODE_SIGN_STYLE = Automatic;
				GCC_OPTIMIZATION_LEVEL = 0;
				PRODUCT_NAME = "$(TARGET_NAME)";
			};
			name = Release;
		};
/* End XCBuildConfiguration section */

/* Begin XCConfigurationList section */
		361047AD2589FBCB003C594F /* Build configuration list for PBXProject "LGSwiftTest" */ = {
			isa = XCConfigurationList;
			buildConfigurations = (
				361047B72589FBCB003C594F /* Debug */,
				361047B82589FBCB003C594F /* Release */,
			);
			defaultConfigurationIsVisible = 0;
			defaultConfigurationName = Release;
		};
		361047B92589FBCB003C594F /* Build configuration list for PBXNativeTarget "LGSwiftTest" */ = {
			isa = XCConfigurationList;
			buildConfigurations = (
				361047BA2589FBCB003C594F /* Debug */,
				361047BB2589FBCB003C594F /* Release */,
			);
			defaultConfigurationIsVisible = 0;
			defaultConfigurationName = Release;
		};
		361047C2258A20E4003C594F /* Build configuration list for PBXAggregateTarget "LGScript" */ = {
			isa = XCConfigurationList;
			buildConfigurations = (
				361047C3258A20E4003C594F /* Debug */,
				361047C4258A20E4003C594F /* Release */,
			);
			defaultConfigurationIsVisible = 0;
			defaultConfigurationName = Release;
		};
		3684CCB0258F23600078FBBA /* Build configuration list for PBXAggregateTarget "LGIRScript" */ = {
			isa = XCConfigurationList;
			buildConfigurations = (
				3684CCAE258F23600078FBBA /* Debug */,
				3684CCAF258F23600078FBBA /* Release */,
			);
			defaultConfigurationIsVisible = 0;
			defaultConfigurationName = Release;
		};
/* End XCConfigurationList section */
	};
	rootObject = 361047AA2589FBCB003C594F /* Project object */;
}
